
Microsoft Visual Studio Solution File, Format Version 12.00
# Visual Studio Version 17
VisualStudioVersion = 17.3.32825.248
MinimumVisualStudioVersion = 10.0.40219.1
Project("{FAE04EC0-301F-11D3-BF4B-00C04F79EFBC}") = "Instruments_Test", "Instruments_Test.csproj", "{FB562F3A-E099-4C65-A7BC-F0E62E238738}"
EndProject
Global
	GlobalSection(SolutionConfigurationPlatforms) = preSolution
		Debug|Any CPU = Debug|Any CPU
		Release|Any CPU = Release|Any CPU
	EndGlobalSection
	GlobalSection(ProjectConfigurationPlatforms) = postSolution
		{FB562F3A-E099-4C65-A7BC-F0E62E238738}.Debug|Any CPU.ActiveCfg = Debug|Any CPU
		{FB562F3A-E099-4C65-A7BC-F0E62E238738}.Debug|Any CPU.Build.0 = Debug|Any CPU
		{FB562F3A-E099-4C65-A7BC-F0E62E238738}.Release|Any CPU.ActiveCfg = Release|Any CPU
		{FB562F3A-E099-4C65-A7BC-F0E62E238738}.Release|Any CPU.Build.0 = Release|Any CPU
	EndGlobalSection
	GlobalSection(SolutionProperties) = preSolution
		HideSolutionNode = FALSE
	EndGlobalSection
	GlobalSection(ExtensibilityGlobals) = postSolution
		SolutionGuid = {7B18369F-47F1-4887-9801-8C10E449D674}
	EndGlobalSection
EndGlobal
